
Microsoft Visual Studio Solution File, Format Version 12.00
# Visual Studio Version 17
VisualStudioVersion = 17.5.33530.505
MinimumVisualStudioVersion = 10.0.40219.1
Project("{FAE04EC0-301F-11D3-BF4B-00C04F79EFBC}") = "Blazor_DataBinding", "Blazor_DataBinding\Blazor_DataBinding.csproj", "{66D8F9AD-FD41-470A-A6AF-9BEB228AA410}"
EndProject
Global
	GlobalSection(SolutionConfigurationPlatforms) = preSolution
		Debug|Any CPU = Debug|Any CPU
		Release|Any CPU = Release|Any CPU
	EndGlobalSection
	GlobalSection(ProjectConfigurationPlatforms) = postSolution
		{66D8F9AD-FD41-470A-A6AF-9BEB228AA410}.Debug|Any CPU.ActiveCfg = Debug|Any CPU
		{66D8F9AD-FD41-470A-A6AF-9BEB228AA410}.Debug|Any CPU.Build.0 = Debug|Any CPU
		{66D8F9AD-FD41-470A-A6AF-9BEB228AA410}.Release|Any CPU.ActiveCfg = Release|Any CPU
		{66D8F9AD-FD41-470A-A6AF-9BEB228AA410}.Release|Any CPU.Build.0 = Release|Any CPU
	EndGlobalSection
	GlobalSection(SolutionProperties) = preSolution
		HideSolutionNode = FALSE
	EndGlobalSection
	GlobalSection(ExtensibilityGlobals) = postSolution
		SolutionGuid = {A0569F28-1827-4E43-B66F-90F0E1FAD83B}
	EndGlobalSection
EndGlobal
